PODS:
  - Flutter (1.22.4)
  - google_api_availability (2.0.4):
    - Flutter

DEPENDENCIES:
  - google_api_availability (from `.symlinks/plugins/google_api_availability/ios`)

SPEC REPOS:
  trunk:
    - Flutter

EXTERNAL SOURCES:
  google_api_availability:
    :path: ".symlinks/plugins/google_api_availability/ios"

SPEC CHECKSUMS:
  Flutter: d466195df8a9933b705cb82c53140202e097ec55
  google_api_availability: 15fa42a8cd83c0a6738507ffe6e87096f12abcb8

PODFILE CHECKSUM: aff02bfeed411c636180d6812254b2daeea14d09

COCOAPODS: 1.10.1
