PODS:
  - Flutter (1.0.0)
  - google_api_availability (0.0.1):
    - Flutter

DEPENDENCIES:
  - Flutter (from `.symlinks/flutter/ios`)
  - google_api_availability (from `.symlinks/plugins/google_api_availability/ios`)

EXTERNAL SOURCES:
  Flutter:
    :path: ".symlinks/flutter/ios"
  google_api_availability:
    :path: ".symlinks/plugins/google_api_availability/ios"

SPEC CHECKSUMS:
  Flutter: 9d0fac939486c9aba2809b7982dfdbb47a7b0296
  google_api_availability: eacf2c87e9cb31b66d4852de6d1667616e24c055

PODFILE CHECKSUM: aff02bfeed411c636180d6812254b2daeea14d09

COCOAPODS: 1.5.3
